
Microsoft Visual Studio Solution File, Format Version 12.00
# Visual Studio 14
VisualStudioVersion = 14.0.25420.1
MinimumVisualStudioVersion = 10.0.40219.1
Project("{2150E333-8FDC-42A3-9474-1A3956D46DE8}") = "src", "src", "{1FC58982-047F-42AC-BECA-90BCE987E463}"
EndProject
Project("{2150E333-8FDC-42A3-9474-1A3956D46DE8}") = "Solution Items", "Solution Items", "{D30E174E-F671-44B4-9191-766816F8CD67}"
	ProjectSection(SolutionItems) = preProject
		global.json = global.json
	EndProjectSection
EndProject
Project("{8BB2217D-0F2D-49D1-97BC-3654ED321F3B}") = "Oefeningenreeks3", "src\Oefeningenreeks3\Oefeningenreeks3.xproj", "{4417EDC2-4D35-48E9-9ABC-12CCC3CEFFB7}"
EndProject
Global
	GlobalSection(SolutionConfigurationPlatforms) = preSolution
		Debug|Any CPU = Debug|Any CPU
		Release|Any CPU = Release|Any CPU
	EndGlobalSection
	GlobalSection(ProjectConfigurationPlatforms) = postSolution
		{4417EDC2-4D35-48E9-9ABC-12CCC3CEFFB7}.Debug|Any CPU.ActiveCfg = Debug|Any CPU
		{4417EDC2-4D35-48E9-9ABC-12CCC3CEFFB7}.Debug|Any CPU.Build.0 = Debug|Any CPU
		{4417EDC2-4D35-48E9-9ABC-12CCC3CEFFB7}.Release|Any CPU.ActiveCfg = Release|Any CPU
		{4417EDC2-4D35-48E9-9ABC-12CCC3CEFFB7}.Release|Any CPU.Build.0 = Release|Any CPU
	EndGlobalSection
	GlobalSection(SolutionProperties) = preSolution
		HideSolutionNode = FALSE
	EndGlobalSection
	GlobalSection(NestedProjects) = preSolution
		{4417EDC2-4D35-48E9-9ABC-12CCC3CEFFB7} = {1FC58982-047F-42AC-BECA-90BCE987E463}
	EndGlobalSection
EndGlobal
